
Microsoft Visual Studio Solution File, Format Version 12.00
# Visual Studio 15
VisualStudioVersion = 15.0.26730.10
MinimumVisualStudioVersion = 10.0.40219.1
Project("{FAE04EC0-301F-11D3-BF4B-00C04F79EFBC}") = "Food__For__us.Android", "Food  For  us\Food__For__us.Android\Food__For__us.Android.csproj", "{0F72E485-B220-466F-8309-8B0F16792BFD}"
EndProject
Project("{FAE04EC0-301F-11D3-BF4B-00C04F79EFBC}") = "Food__For__us", "Food  For  us\Food__For__us\Food__For__us.csproj", "{2C8087A9-A828-4D2E-8DF0-4CAB96B0EFD2}"
EndProject
Project("{FAE04EC0-301F-11D3-BF4B-00C04F79EFBC}") = "Food__For__us.UWP", "Food  For  us\Food__For__us.UWP\Food__For__us.UWP.csproj", "{3C7BEF7A-1C12-4DCD-8017-48AD3B3592A3}"
EndProject
Project("{FAE04EC0-301F-11D3-BF4B-00C04F79EFBC}") = "Food__For__us.iOS", "Food  For  us\Food__For__us.iOS\Food__For__us.iOS.csproj", "{B0EFF7CD-6D59-4587-A23F-DB5140B0144D}"
EndProject
Global
	GlobalSection(SolutionConfigurationPlatforms) = preSolution
		Ad-Hoc|Any CPU = Ad-Hoc|Any CPU
		Ad-Hoc|ARM = Ad-Hoc|ARM
		Ad-Hoc|iPhone = Ad-Hoc|iPhone
		Ad-Hoc|iPhoneSimulator = Ad-Hoc|iPhoneSimulator
		Ad-Hoc|x64 = Ad-Hoc|x64
		Ad-Hoc|x86 = Ad-Hoc|x86
		AppStore|Any CPU = AppStore|Any CPU
		AppStore|ARM = AppStore|ARM
		AppStore|iPhone = AppStore|iPhone
		AppStore|iPhoneSimulator = AppStore|iPhoneSimulator
		AppStore|x64 = AppStore|x64
		AppStore|x86 = AppStore|x86
		Debug|Any CPU = Debug|Any CPU
		Debug|ARM = Debug|ARM
		Debug|iPhone = Debug|iPhone
		Debug|iPhoneSimulator = Debug|iPhoneSimulator
		Debug|x64 = Debug|x64
		Debug|x86 = Debug|x86
		Release|Any CPU = Release|Any CPU
		Release|ARM = Release|ARM
		Release|iPhone = Release|iPhone
		Release|iPhoneSimulator = Release|iPhoneSimulator
		Release|x64 = Release|x64
		Release|x86 = Release|x86
	EndGlobalSection
	GlobalSection(ProjectConfigurationPlatforms) = postSolution
		{0F72E485-B220-466F-8309-8B0F16792BFD}.Ad-Hoc|Any CPU.ActiveCfg = Release|Any CPU
		{0F72E485-B220-466F-8309-8B0F16792BFD}.Ad-Hoc|Any CPU.Build.0 = Release|Any CPU
		{0F72E485-B220-466F-8309-8B0F16792BFD}.Ad-Hoc|Any CPU.Deploy.0 = Release|Any CPU
		{0F72E485-B220-466F-8309-8B0F16792BFD}.Ad-Hoc|ARM.ActiveCfg = Release|Any CPU
		{0F72E485-B220-466F-8309-8B0F16792BFD}.Ad-Hoc|ARM.Build.0 = Release|Any CPU
		{0F72E485-B220-466F-8309-8B0F16792BFD}.Ad-Hoc|ARM.Deploy.0 = Release|Any CPU
		{0F72E485-B220-466F-8309-8B0F16792BFD}.Ad-Hoc|iPhone.ActiveCfg = Release|Any CPU
		{0F72E485-B220-466F-8309-8B0F16792BFD}.Ad-Hoc|iPhone.Build.0 = Release|Any CPU
		{0F72E485-B220-466F-8309-8B0F16792BFD}.Ad-Hoc|iPhone.Deploy.0 = Release|Any CPU
		{0F72E485-B220-466F-8309-8B0F16792BFD}.Ad-Hoc|iPhoneSimulator.ActiveCfg = Release|Any CPU
		{0F72E485-B220-466F-8309-8B0F16792BFD}.Ad-Hoc|iPhoneSimulator.Build.0 = Release|Any CPU
		{0F72E485-B220-466F-8309-8B0F16792BFD}.Ad-Hoc|iPhoneSimulator.Deploy.0 = Release|Any CPU
		{0F72E485-B220-466F-8309-8B0F16792BFD}.Ad-Hoc|x64.ActiveCfg = Release|Any CPU
		{0F72E485-B220-466F-8309-8B0F16792BFD}.Ad-Hoc|x64.Build.0 = Release|Any CPU
		{0F72E485-B220-466F-8309-8B0F16792BFD}.Ad-Hoc|x64.Deploy.0 = Release|Any CPU
		{0F72E485-B220-466F-8309-8B0F16792BFD}.Ad-Hoc|x86.ActiveCfg = Release|Any CPU
		{0F72E485-B220-466F-8309-8B0F16792BFD}.Ad-Hoc|x86.Build.0 = Release|Any CPU
		{0F72E485-B220-466F-8309-8B0F16792BFD}.Ad-Hoc|x86.Deploy.0 = Release|Any CPU
		{0F72E485-B220-466F-8309-8B0F16792BFD}.AppStore|Any CPU.ActiveCfg = Release|Any CPU
		{0F72E485-B220-466F-8309-8B0F16792BFD}.AppStore|Any CPU.Build.0 = Release|Any CPU
		{0F72E485-B220-466F-8309-8B0F16792BFD}.AppStore|Any CPU.Deploy.0 = Release|Any CPU
		{0F72E485-B220-466F-8309-8B0F16792BFD}.AppStore|ARM.ActiveCfg = Release|Any CPU
		{0F72E485-B220-466F-8309-8B0F16792BFD}.AppStore|ARM.Build.0 = Release|Any CPU
		{0F72E485-B220-466F-8309-8B0F16792BFD}.AppStore|ARM.Deploy.0 = Release|Any CPU
		{0F72E485-B220-466F-8309-8B0F16792BFD}.AppStore|iPhone.ActiveCfg = Release|Any CPU
		{0F72E485-B220-466F-8309-8B0F16792BFD}.AppStore|iPhone.Build.0 = Release|Any CPU
		{0F72E485-B220-466F-8309-8B0F16792BFD}.AppStore|iPhone.Deploy.0 = Release|Any CPU
		{0F72E485-B220-466F-8309-8B0F16792BFD}.AppStore|iPhoneSimulator.ActiveCfg = Release|Any CPU
		{0F72E485-B220-466F-8309-8B0F16792BFD}.AppStore|iPhoneSimulator.Build.0 = Release|Any CPU
		{0F72E485-B220-466F-8309-8B0F16792BFD}.AppStore|iPhoneSimulator.Deploy.0 = Release|Any CPU
		{0F72E485-B220-466F-8309-8B0F16792BFD}.AppStore|x64.ActiveCfg = Release|Any CPU
		{0F72E485-B220-466F-8309-8B0F16792BFD}.AppStore|x64.Build.0 = Release|Any CPU
		{0F72E485-B220-466F-8309-8B0F16792BFD}.AppStore|x64.Deploy.0 = Release|Any CPU
		{0F72E485-B220-466F-8309-8B0F16792BFD}.AppStore|x86.ActiveCfg = Release|Any CPU
		{0F72E485-B220-466F-8309-8B0F16792BFD}.AppStore|x86.Build.0 = Release|Any CPU
		{0F72E485-B220-466F-8309-8B0F16792BFD}.AppStore|x86.Deploy.0 = Release|Any CPU
		{0F72E485-B220-466F-8309-8B0F16792BFD}.Debug|Any CPU.ActiveCfg = Debug|Any CPU
		{0F72E485-B220-466F-8309-8B0F16792BFD}.Debug|Any CPU.Build.0 = Debug|Any CPU
		{0F72E485-B220-466F-8309-8B0F16792BFD}.Debug|Any CPU.Deploy.0 = Debug|Any CPU
		{0F72E485-B220-466F-8309-8B0F16792BFD}.Debug|ARM.ActiveCfg = Debug|Any CPU
		{0F72E485-B220-466F-8309-8B0F16792BFD}.Debug|ARM.Build.0 = Debug|Any CPU
		{0F72E485-B220-466F-8309-8B0F16792BFD}.Debug|ARM.Deploy.0 = Debug|Any CPU
		{0F72E485-B220-466F-8309-8B0F16792BFD}.Debug|iPhone.ActiveCfg = Debug|Any CPU
		{0F72E485-B220-466F-8309-8B0F16792BFD}.Debug|iPhone.Build.0 = Debug|Any CPU
		{0F72E485-B220-466F-8309-8B0F16792BFD}.Debug|iPhone.Deploy.0 = Debug|Any CPU
		{0F72E485-B220-466F-8309-8B0F16792BFD}.Debug|iPhoneSimulator.ActiveCfg = Debug|Any CPU
		{0F72E485-B220-466F-8309-8B0F16792BFD}.Debug|iPhoneSimulator.Build.0 = Debug|Any CPU
		{0F72E485-B220-466F-8309-8B0F16792BFD}.Debug|iPhoneSimulator.Deploy.0 = Debug|Any CPU
		{0F72E485-B220-466F-8309-8B0F16792BFD}.Debug|x64.ActiveCfg = Debug|Any CPU
		{0F72E485-B220-466F-8309-8B0F16792BFD}.Debug|x64.Build.0 = Debug|Any CPU
		{0F72E485-B220-466F-8309-8B0F16792BFD}.Debug|x64.Deploy.0 = Debug|Any CPU
		{0F72E485-B220-466F-8309-8B0F16792BFD}.Debug|x86.ActiveCfg = Debug|Any CPU
		{0F72E485-B220-466F-8309-8B0F16792BFD}.Debug|x86.Build.0 = Debug|Any CPU
		{0F72E485-B220-466F-8309-8B0F16792BFD}.Debug|x86.Deploy.0 = Debug|Any CPU
		{0F72E485-B220-466F-8309-8B0F16792BFD}.Release|Any CPU.ActiveCfg = Release|Any CPU
		{0F72E485-B220-466F-8309-8B0F16792BFD}.Release|Any CPU.Build.0 = Release|Any CPU
		{0F72E485-B220-466F-8309-8B0F16792BFD}.Release|Any CPU.Deploy.0 = Release|Any CPU
		{0F72E485-B220-466F-8309-8B0F16792BFD}.Release|ARM.ActiveCfg = Release|Any CPU
		{0F72E485-B220-466F-8309-8B0F16792BFD}.Release|ARM.Build.0 = Release|Any CPU
		{0F72E485-B220-466F-8309-8B0F16792BFD}.Release|ARM.Deploy.0 = Release|Any CPU
		{0F72E485-B220-466F-8309-8B0F16792BFD}.Release|iPhone.ActiveCfg = Release|Any CPU
		{0F72E485-B220-466F-8309-8B0F16792BFD}.Release|iPhone.Build.0 = Release|Any CPU
		{0F72E485-B220-466F-8309-8B0F16792BFD}.Release|iPhone.Deploy.0 = Release|Any CPU
		{0F72E485-B220-466F-8309-8B0F16792BFD}.Release|iPhoneSimulator.ActiveCfg = Release|Any CPU
		{0F72E485-B220-466F-8309-8B0F16792BFD}.Release|iPhoneSimulator.Build.0 = Release|Any CPU
		{0F72E485-B220-466F-8309-8B0F16792BFD}.Release|iPhoneSimulator.Deploy.0 = Release|Any CPU
		{0F72E485-B220-466F-8309-8B0F16792BFD}.Release|x64.ActiveCfg = Release|Any CPU
		{0F72E485-B220-466F-8309-8B0F16792BFD}.Release|x64.Build.0 = Release|Any CPU
		{0F72E485-B220-466F-8309-8B0F16792BFD}.Release|x64.Deploy.0 = Release|Any CPU
		{0F72E485-B220-466F-8309-8B0F16792BFD}.Release|x86.ActiveCfg = Release|Any CPU
		{0F72E485-B220-466F-8309-8B0F16792BFD}.Release|x86.Build.0 = Release|Any CPU
		{0F72E485-B220-466F-8309-8B0F16792BFD}.Release|x86.Deploy.0 = Release|Any CPU
		{2C8087A9-A828-4D2E-8DF0-4CAB96B0EFD2}.Ad-Hoc|Any CPU.ActiveCfg = Release|Any CPU
		{2C8087A9-A828-4D2E-8DF0-4CAB96B0EFD2}.Ad-Hoc|Any CPU.Build.0 = Release|Any CPU
		{2C8087A9-A828-4D2E-8DF0-4CAB96B0EFD2}.Ad-Hoc|ARM.ActiveCfg = Release|Any CPU
		{2C8087A9-A828-4D2E-8DF0-4CAB96B0EFD2}.Ad-Hoc|ARM.Build.0 = Release|Any CPU
		{2C8087A9-A828-4D2E-8DF0-4CAB96B0EFD2}.Ad-Hoc|iPhone.ActiveCfg = Release|Any CPU
		{2C8087A9-A828-4D2E-8DF0-4CAB96B0EFD2}.Ad-Hoc|iPhone.Build.0 = Release|Any CPU
		{2C8087A9-A828-4D2E-8DF0-4CAB96B0EFD2}.Ad-Hoc|iPhoneSimulator.ActiveCfg = Release|Any CPU
		{2C8087A9-A828-4D2E-8DF0-4CAB96B0EFD2}.Ad-Hoc|iPhoneSimulator.Build.0 = Release|Any CPU
		{2C8087A9-A828-4D2E-8DF0-4CAB96B0EFD2}.Ad-Hoc|x64.ActiveCfg = Release|Any CPU
		{2C8087A9-A828-4D2E-8DF0-4CAB96B0EFD2}.Ad-Hoc|x64.Build.0 = Release|Any CPU
		{2C8087A9-A828-4D2E-8DF0-4CAB96B0EFD2}.Ad-Hoc|x86.ActiveCfg = Release|Any CPU
		{2C8087A9-A828-4D2E-8DF0-4CAB96B0EFD2}.Ad-Hoc|x86.Build.0 = Release|Any CPU
		{2C8087A9-A828-4D2E-8DF0-4CAB96B0EFD2}.AppStore|Any CPU.ActiveCfg = Release|Any CPU
		{2C8087A9-A828-4D2E-8DF0-4CAB96B0EFD2}.AppStore|Any CPU.Build.0 = Release|Any CPU
		{2C8087A9-A828-4D2E-8DF0-4CAB96B0EFD2}.AppStore|ARM.ActiveCfg = Release|Any CPU
		{2C8087A9-A828-4D2E-8DF0-4CAB96B0EFD2}.AppStore|ARM.Build.0 = Release|Any CPU
		{2C8087A9-A828-4D2E-8DF0-4CAB96B0EFD2}.AppStore|iPhone.ActiveCfg = Release|Any CPU
		{2C8087A9-A828-4D2E-8DF0-4CAB96B0EFD2}.AppStore|iPhone.Build.0 = Release|Any CPU
		{2C8087A9-A828-4D2E-8DF0-4CAB96B0EFD2}.AppStore|iPhoneSimulator.ActiveCfg = Release|Any CPU
		{2C8087A9-A828-4D2E-8DF0-4CAB96B0EFD2}.AppStore|iPhoneSimulator.Build.0 = Release|Any CPU
		{2C8087A9-A828-4D2E-8DF0-4CAB96B0EFD2}.AppStore|x64.ActiveCfg = Release|Any CPU
		{2C8087A9-A828-4D2E-8DF0-4CAB96B0EFD2}.AppStore|x64.Build.0 = Release|Any CPU
		{2C8087A9-A828-4D2E-8DF0-4CAB96B0EFD2}.AppStore|x86.ActiveCfg = Release|Any CPU
		{2C8087A9-A828-4D2E-8DF0-4CAB96B0EFD2}.AppStore|x86.Build.0 = Release|Any CPU
		{2C8087A9-A828-4D2E-8DF0-4CAB96B0EFD2}.Debug|Any CPU.ActiveCfg = Debug|Any CPU
		{2C8087A9-A828-4D2E-8DF0-4CAB96B0EFD2}.Debug|Any CPU.Build.0 = Debug|Any CPU
		{2C8087A9-A828-4D2E-8DF0-4CAB96B0EFD2}.Debug|ARM.ActiveCfg = Debug|Any CPU
		{2C8087A9-A828-4D2E-8DF0-4CAB96B0EFD2}.Debug|ARM.Build.0 = Debug|Any CPU
		{2C8087A9-A828-4D2E-8DF0-4CAB96B0EFD2}.Debug|iPhone.ActiveCfg = Debug|Any CPU
		{2C8087A9-A828-4D2E-8DF0-4CAB96B0EFD2}.Debug|iPhone.Build.0 = Debug|Any CPU
		{2C8087A9-A828-4D2E-8DF0-4CAB96B0EFD2}.Debug|iPhoneSimulator.ActiveCfg = Debug|Any CPU
		{2C8087A9-A828-4D2E-8DF0-4CAB96B0EFD2}.Debug|iPhoneSimulator.Build.0 = Debug|Any CPU
		{2C8087A9-A828-4D2E-8DF0-4CAB96B0EFD2}.Debug|x64.ActiveCfg = Debug|Any CPU
		{2C8087A9-A828-4D2E-8DF0-4CAB96B0EFD2}.Debug|x64.Build.0 = Debug|Any CPU
		{2C8087A9-A828-4D2E-8DF0-4CAB96B0EFD2}.Debug|x86.ActiveCfg = Debug|Any CPU
		{2C8087A9-A828-4D2E-8DF0-4CAB96B0EFD2}.Debug|x86.Build.0 = Debug|Any CPU
		{2C8087A9-A828-4D2E-8DF0-4CAB96B0EFD2}.Release|Any CPU.ActiveCfg = Release|Any CPU
		{2C8087A9-A828-4D2E-8DF0-4CAB96B0EFD2}.Release|Any CPU.Build.0 = Release|Any CPU
		{2C8087A9-A828-4D2E-8DF0-4CAB96B0EFD2}.Release|ARM.ActiveCfg = Release|Any CPU
		{2C8087A9-A828-4D2E-8DF0-4CAB96B0EFD2}.Release|ARM.Build.0 = Release|Any CPU
		{2C8087A9-A828-4D2E-8DF0-4CAB96B0EFD2}.Release|iPhone.ActiveCfg = Release|Any CPU
		{2C8087A9-A828-4D2E-8DF0-4CAB96B0EFD2}.Release|iPhone.Build.0 = Release|Any CPU
		{2C8087A9-A828-4D2E-8DF0-4CAB96B0EFD2}.Release|iPhoneSimulator.ActiveCfg = Release|Any CPU
		{2C8087A9-A828-4D2E-8DF0-4CAB96B0EFD2}.Release|iPhoneSimulator.Build.0 = Release|Any CPU
		{2C8087A9-A828-4D2E-8DF0-4CAB96B0EFD2}.Release|x64.ActiveCfg = Release|Any CPU
		{2C8087A9-A828-4D2E-8DF0-4CAB96B0EFD2}.Release|x64.Build.0 = Release|Any CPU
		{2C8087A9-A828-4D2E-8DF0-4CAB96B0EFD2}.Release|x86.ActiveCfg = Release|Any CPU
		{2C8087A9-A828-4D2E-8DF0-4CAB96B0EFD2}.Release|x86.Build.0 = Release|Any CPU
		{3C7BEF7A-1C12-4DCD-8017-48AD3B3592A3}.Ad-Hoc|Any CPU.ActiveCfg = Release|x86
		{3C7BEF7A-1C12-4DCD-8017-48AD3B3592A3}.Ad-Hoc|Any CPU.Build.0 = Release|x86
		{3C7BEF7A-1C12-4DCD-8017-48AD3B3592A3}.Ad-Hoc|Any CPU.Deploy.0 = Release|x86
		{3C7BEF7A-1C12-4DCD-8017-48AD3B3592A3}.Ad-Hoc|ARM.ActiveCfg = Release|ARM
		{3C7BEF7A-1C12-4DCD-8017-48AD3B3592A3}.Ad-Hoc|ARM.Build.0 = Release|ARM
		{3C7BEF7A-1C12-4DCD-8017-48AD3B3592A3}.Ad-Hoc|ARM.Deploy.0 = Release|ARM
		{3C7BEF7A-1C12-4DCD-8017-48AD3B3592A3}.Ad-Hoc|iPhone.ActiveCfg = Release|x86
		{3C7BEF7A-1C12-4DCD-8017-48AD3B3592A3}.Ad-Hoc|iPhone.Build.0 = Release|x86
		{3C7BEF7A-1C12-4DCD-8017-48AD3B3592A3}.Ad-Hoc|iPhone.Deploy.0 = Release|x86
		{3C7BEF7A-1C12-4DCD-8017-48AD3B3592A3}.Ad-Hoc|iPhoneSimulator.ActiveCfg = Release|x86
		{3C7BEF7A-1C12-4DCD-8017-48AD3B3592A3}.Ad-Hoc|iPhoneSimulator.Build.0 = Release|x86
		{3C7BEF7A-1C12-4DCD-8017-48AD3B3592A3}.Ad-Hoc|iPhoneSimulator.Deploy.0 = Release|x86
		{3C7BEF7A-1C12-4DCD-8017-48AD3B3592A3}.Ad-Hoc|x64.ActiveCfg = Release|x64
		{3C7BEF7A-1C12-4DCD-8017-48AD3B3592A3}.Ad-Hoc|x64.Build.0 = Release|x64
		{3C7BEF7A-1C12-4DCD-8017-48AD3B3592A3}.Ad-Hoc|x64.Deploy.0 = Release|x64
		{3C7BEF7A-1C12-4DCD-8017-48AD3B3592A3}.Ad-Hoc|x86.ActiveCfg = Release|x86
		{3C7BEF7A-1C12-4DCD-8017-48AD3B3592A3}.Ad-Hoc|x86.Build.0 = Release|x86
		{3C7BEF7A-1C12-4DCD-8017-48AD3B3592A3}.Ad-Hoc|x86.Deploy.0 = Release|x86
		{3C7BEF7A-1C12-4DCD-8017-48AD3B3592A3}.AppStore|Any CPU.ActiveCfg = Release|x86
		{3C7BEF7A-1C12-4DCD-8017-48AD3B3592A3}.AppStore|Any CPU.Build.0 = Release|x86
		{3C7BEF7A-1C12-4DCD-8017-48AD3B3592A3}.AppStore|Any CPU.Deploy.0 = Release|x86
		{3C7BEF7A-1C12-4DCD-8017-48AD3B3592A3}.AppStore|ARM.ActiveCfg = Release|ARM
		{3C7BEF7A-1C12-4DCD-8017-48AD3B3592A3}.AppStore|ARM.Build.0 = Release|ARM
		{3C7BEF7A-1C12-4DCD-8017-48AD3B3592A3}.AppStore|ARM.Deploy.0 = Release|ARM
		{3C7BEF7A-1C12-4DCD-8017-48AD3B3592A3}.AppStore|iPhone.ActiveCfg = Release|x86
		{3C7BEF7A-1C12-4DCD-8017-48AD3B3592A3}.AppStore|iPhone.Build.0 = Release|x86
		{3C7BEF7A-1C12-4DCD-8017-48AD3B3592A3}.AppStore|iPhone.Deploy.0 = Release|x86
		{3C7BEF7A-1C12-4DCD-8017-48AD3B3592A3}.AppStore|iPhoneSimulator.ActiveCfg = Release|x86
		{3C7BEF7A-1C12-4DCD-8017-48AD3B3592A3}.AppStore|iPhoneSimulator.Build.0 = Release|x86
		{3C7BEF7A-1C12-4DCD-8017-48AD3B3592A3}.AppStore|iPhoneSimulator.Deploy.0 = Release|x86
		{3C7BEF7A-1C12-4DCD-8017-48AD3B3592A3}.AppStore|x64.ActiveCfg = Release|x64
		{3C7BEF7A-1C12-4DCD-8017-48AD3B3592A3}.AppStore|x64.Build.0 = Release|x64
		{3C7BEF7A-1C12-4DCD-8017-48AD3B3592A3}.AppStore|x64.Deploy.0 = Release|x64
		{3C7BEF7A-1C12-4DCD-8017-48AD3B3592A3}.AppStore|x86.ActiveCfg = Release|x86
		{3C7BEF7A-1C12-4DCD-8017-48AD3B3592A3}.AppStore|x86.Build.0 = Release|x86
		{3C7BEF7A-1C12-4DCD-8017-48AD3B3592A3}.AppStore|x86.Deploy.0 = Release|x86
		{3C7BEF7A-1C12-4DCD-8017-48AD3B3592A3}.Debug|Any CPU.ActiveCfg = Debug|x86
		{3C7BEF7A-1C12-4DCD-8017-48AD3B3592A3}.Debug|ARM.ActiveCfg = Debug|ARM
		{3C7BEF7A-1C12-4DCD-8017-48AD3B3592A3}.Debug|ARM.Build.0 = Debug|ARM
		{3C7BEF7A-1C12-4DCD-8017-48AD3B3592A3}.Debug|ARM.Deploy.0 = Debug|ARM
		{3C7BEF7A-1C12-4DCD-8017-48AD3B3592A3}.Debug|iPhone.ActiveCfg = Debug|x86
		{3C7BEF7A-1C12-4DCD-8017-48AD3B3592A3}.Debug|iPhoneSimulator.ActiveCfg = Debug|x86
		{3C7BEF7A-1C12-4DCD-8017-48AD3B3592A3}.Debug|x64.ActiveCfg = Debug|x64
		{3C7BEF7A-1C12-4DCD-8017-48AD3B3592A3}.Debug|x64.Build.0 = Debug|x64
		{3C7BEF7A-1C12-4DCD-8017-48AD3B3592A3}.Debug|x64.Deploy.0 = Debug|x64
		{3C7BEF7A-1C12-4DCD-8017-48AD3B3592A3}.Debug|x86.ActiveCfg = Debug|x86
		{3C7BEF7A-1C12-4DCD-8017-48AD3B3592A3}.Debug|x86.Build.0 = Debug|x86
		{3C7BEF7A-1C12-4DCD-8017-48AD3B3592A3}.Debug|x86.Deploy.0 = Debug|x86
		{3C7BEF7A-1C12-4DCD-8017-48AD3B3592A3}.Release|Any CPU.ActiveCfg = Release|x86
		{3C7BEF7A-1C12-4DCD-8017-48AD3B3592A3}.Release|ARM.ActiveCfg = Release|ARM
		{3C7BEF7A-1C12-4DCD-8017-48AD3B3592A3}.Release|ARM.Build.0 = Release|ARM
		{3C7BEF7A-1C12-4DCD-8017-48AD3B3592A3}.Release|ARM.Deploy.0 = Release|ARM
		{3C7BEF7A-1C12-4DCD-8017-48AD3B3592A3}.Release|iPhone.ActiveCfg = Release|x86
		{3C7BEF7A-1C12-4DCD-8017-48AD3B3592A3}.Release|iPhoneSimulator.ActiveCfg = Release|x86
		{3C7BEF7A-1C12-4DCD-8017-48AD3B3592A3}.Release|x64.ActiveCfg = Release|x64
		{3C7BEF7A-1C12-4DCD-8017-48AD3B3592A3}.Release|x64.Build.0 = Release|x64
		{3C7BEF7A-1C12-4DCD-8017-48AD3B3592A3}.Release|x64.Deploy.0 = Release|x64
		{3C7BEF7A-1C12-4DCD-8017-48AD3B3592A3}.Release|x86.ActiveCfg = Release|x86
		{3C7BEF7A-1C12-4DCD-8017-48AD3B3592A3}.Release|x86.Build.0 = Release|x86
		{3C7BEF7A-1C12-4DCD-8017-48AD3B3592A3}.Release|x86.Deploy.0 = Release|x86
		{B0EFF7CD-6D59-4587-A23F-DB5140B0144D}.Ad-Hoc|Any CPU.ActiveCfg = Ad-Hoc|iPhone
		{B0EFF7CD-6D59-4587-A23F-DB5140B0144D}.Ad-Hoc|ARM.ActiveCfg = Ad-Hoc|iPhone
		{B0EFF7CD-6D59-4587-A23F-DB5140B0144D}.Ad-Hoc|iPhone.ActiveCfg = Ad-Hoc|iPhone
		{B0EFF7CD-6D59-4587-A23F-DB5140B0144D}.Ad-Hoc|iPhone.Build.0 = Ad-Hoc|iPhone
		{B0EFF7CD-6D59-4587-A23F-DB5140B0144D}.Ad-Hoc|iPhoneSimulator.ActiveCfg = Ad-Hoc|iPhoneSimulator
		{B0EFF7CD-6D59-4587-A23F-DB5140B0144D}.Ad-Hoc|iPhoneSimulator.Build.0 = Ad-Hoc|iPhoneSimulator
		{B0EFF7CD-6D59-4587-A23F-DB5140B0144D}.Ad-Hoc|x64.ActiveCfg = Ad-Hoc|iPhone
		{B0EFF7CD-6D59-4587-A23F-DB5140B0144D}.Ad-Hoc|x86.ActiveCfg = Ad-Hoc|iPhone
		{B0EFF7CD-6D59-4587-A23F-DB5140B0144D}.AppStore|Any CPU.ActiveCfg = AppStore|iPhone
		{B0EFF7CD-6D59-4587-A23F-DB5140B0144D}.AppStore|ARM.ActiveCfg = AppStore|iPhone
		{B0EFF7CD-6D59-4587-A23F-DB5140B0144D}.AppStore|iPhone.ActiveCfg = AppStore|iPhone
		{B0EFF7CD-6D59-4587-A23F-DB5140B0144D}.AppStore|iPhone.Build.0 = AppStore|iPhone
		{B0EFF7CD-6D59-4587-A23F-DB5140B0144D}.AppStore|iPhoneSimulator.ActiveCfg = AppStore|iPhoneSimulator
		{B0EFF7CD-6D59-4587-A23F-DB5140B0144D}.AppStore|iPhoneSimulator.Build.0 = AppStore|iPhoneSimulator
		{B0EFF7CD-6D59-4587-A23F-DB5140B0144D}.AppStore|x64.ActiveCfg = AppStore|iPhone
		{B0EFF7CD-6D59-4587-A23F-DB5140B0144D}.AppStore|x86.ActiveCfg = AppStore|iPhone
		{B0EFF7CD-6D59-4587-A23F-DB5140B0144D}.Debug|Any CPU.ActiveCfg = Debug|iPhone
		{B0EFF7CD-6D59-4587-A23F-DB5140B0144D}.Debug|ARM.ActiveCfg = Debug|iPhone
		{B0EFF7CD-6D59-4587-A23F-DB5140B0144D}.Debug|iPhone.ActiveCfg = Debug|iPhone
		{B0EFF7CD-6D59-4587-A23F-DB5140B0144D}.Debug|iPhone.Build.0 = Debug|iPhone
		{B0EFF7CD-6D59-4587-A23F-DB5140B0144D}.Debug|iPhoneSimulator.ActiveCfg = Debug|iPhoneSimulator
		{B0EFF7CD-6D59-4587-A23F-DB5140B0144D}.Debug|iPhoneSimulator.Build.0 = Debug|iPhoneSimulator
		{B0EFF7CD-6D59-4587-A23F-DB5140B0144D}.Debug|x64.ActiveCfg = Debug|iPhone
		{B0EFF7CD-6D59-4587-A23F-DB5140B0144D}.Debug|x86.ActiveCfg = Debug|iPhone
		{B0EFF7CD-6D59-4587-A23F-DB5140B0144D}.Release|Any CPU.ActiveCfg = Release|iPhone
		{B0EFF7CD-6D59-4587-A23F-DB5140B0144D}.Release|ARM.ActiveCfg = Release|iPhone
		{B0EFF7CD-6D59-4587-A23F-DB5140B0144D}.Release|iPhone.ActiveCfg = Release|iPhone
		{B0EFF7CD-6D59-4587-A23F-DB5140B0144D}.Release|iPhone.Build.0 = Release|iPhone
		{B0EFF7CD-6D59-4587-A23F-DB5140B0144D}.Release|iPhoneSimulator.ActiveCfg = Release|iPhoneSimulator
		{B0EFF7CD-6D59-4587-A23F-DB5140B0144D}.Release|iPhoneSimulator.Build.0 = Release|iPhoneSimulator
		{B0EFF7CD-6D59-4587-A23F-DB5140B0144D}.Release|x64.ActiveCfg = Release|iPhone
		{B0EFF7CD-6D59-4587-A23F-DB5140B0144D}.Release|x86.ActiveCfg = Release|iPhone
	EndGlobalSection
	GlobalSection(SolutionProperties) = preSolution
		HideSolutionNode = FALSE
	EndGlobalSection
	GlobalSection(ExtensibilityGlobals) = postSolution
		SolutionGuid = {03726762-0DF1-47DA-A72D-0DD4F028D6D4}
	EndGlobalSection
EndGlobal
